
Microsoft Visual Studio Solution File, Format Version 12.00
# Visual Studio Version 17
VisualStudioVersion = 17.2.32210.308
MinimumVisualStudioVersion = 10.0.40219.1
Project("{D954291E-2A0B-460D-934E-DC6B0785DB48}") = "Serep.Uno.Shared", "Serep.Uno\Serep.Uno.Shared\Serep.Uno.Shared.shproj", "{6279C845-92F8-4333-AB99-3D213163593C}"
EndProject
Project("{2150E333-8FDC-42A3-9474-1A3956D46DE8}") = "Platforms", "Platforms", "{EEC59036-B60F-4BF7-83D3-15536D44C2B7}"
EndProject
Project("{FAE04EC0-301F-11D3-BF4B-00C04F79EFBC}") = "Serep.Uno.Droid", "Serep.Uno\Serep.Uno.Droid\Serep.Uno.Droid.csproj", "{45191A65-8E7F-4A11-8217-EEA9EA1EB634}"
EndProject
Project("{FAE04EC0-301F-11D3-BF4B-00C04F79EFBC}") = "Serep.Uno.iOS", "Serep.Uno\Serep.Uno.iOS\Serep.Uno.iOS.csproj", "{C24C66CD-76C5-417E-8123-6EBA123D49B9}"
EndProject
Project("{FAE04EC0-301F-11D3-BF4B-00C04F79EFBC}") = "Serep.Uno.UWP", "Serep.Uno\Serep.Uno.UWP\Serep.Uno.UWP.csproj", "{A7028754-4FC7-43EB-86C7-265E20DD1042}"
EndProject
Project("{FAE04EC0-301F-11D3-BF4B-00C04F79EFBC}") = "Serep.Uno.Wasm", "Serep.Uno\Serep.Uno.Wasm\Serep.Uno.Wasm.csproj", "{69A18D61-2D10-48C9-9B09-D8DD9A4DC280}"
EndProject
Project("{FAE04EC0-301F-11D3-BF4B-00C04F79EFBC}") = "Serep.Uno.macOS", "Serep.Uno\Serep.Uno.macOS\Serep.Uno.macOS.csproj", "{7C0D0CC1-9709-451B-9ECC-6A00C2A51D75}"
EndProject
Project("{FAE04EC0-301F-11D3-BF4B-00C04F79EFBC}") = "Serep.Uno.Skia.Wpf.Host", "Serep.Uno\Serep.Uno.Skia.Wpf.Host\Serep.Uno.Skia.Wpf.Host.csproj", "{C49BCC75-3C08-41C0-ACF8-014EDE358D54}"
EndProject
Project("{FAE04EC0-301F-11D3-BF4B-00C04F79EFBC}") = "Serep.Uno.Skia.Wpf", "Serep.Uno\Serep.Uno.Skia.Wpf\Serep.Uno.Skia.Wpf.csproj", "{2242AC1C-18F6-4B6B-ABC9-9819B4616626}"
EndProject
Project("{FAE04EC0-301F-11D3-BF4B-00C04F79EFBC}") = "Serep.Uno.Skia.Gtk", "Serep.Uno\Serep.Uno.Skia.Gtk\Serep.Uno.Skia.Gtk.csproj", "{95ABEADA-41B9-463B-AECC-252C4B290866}"
EndProject
Project("{FAE04EC0-301F-11D3-BF4B-00C04F79EFBC}") = "Serep.Uno.Skia.Tizen", "Serep.Uno\Serep.Uno.Skia.Tizen\Serep.Uno.Skia.Tizen.csproj", "{E0EA2789-BA9A-45D7-9700-258C5C52D468}"
EndProject
Global
	GlobalSection(SharedMSBuildProjectFiles) = preSolution
		Serep.Uno\Serep.Uno.Shared\Serep.Uno.Shared.projitems*{2242ac1c-18f6-4b6b-abc9-9819b4616626}*SharedItemsImports = 5
		Serep.Uno\Serep.Uno.Shared\Serep.Uno.Shared.projitems*{45191a65-8e7f-4a11-8217-eea9ea1eb634}*SharedItemsImports = 4
		Serep.Uno\Serep.Uno.Shared\Serep.Uno.Shared.projitems*{6279c845-92f8-4333-ab99-3d213163593c}*SharedItemsImports = 13
		Serep.Uno\Serep.Uno.Shared\Serep.Uno.Shared.projitems*{69a18d61-2d10-48c9-9b09-d8dd9a4dc280}*SharedItemsImports = 5
		Serep.Uno\Serep.Uno.Shared\Serep.Uno.Shared.projitems*{7c0d0cc1-9709-451b-9ecc-6a00c2a51d75}*SharedItemsImports = 4
		Serep.Uno\Serep.Uno.Shared\Serep.Uno.Shared.projitems*{95abeada-41b9-463b-aecc-252c4b290866}*SharedItemsImports = 5
		Serep.Uno\Serep.Uno.Shared\Serep.Uno.Shared.projitems*{a7028754-4fc7-43eb-86c7-265e20dd1042}*SharedItemsImports = 4
		Serep.Uno\Serep.Uno.Shared\Serep.Uno.Shared.projitems*{c24c66cd-76c5-417e-8123-6eba123d49b9}*SharedItemsImports = 4
		Serep.Uno\Serep.Uno.Shared\Serep.Uno.Shared.projitems*{e0ea2789-ba9a-45d7-9700-258c5c52d468}*SharedItemsImports = 5
	EndGlobalSection
	GlobalSection(SolutionConfigurationPlatforms) = preSolution
		Ad-Hoc|Any CPU = Ad-Hoc|Any CPU
		Ad-Hoc|ARM = Ad-Hoc|ARM
		Ad-Hoc|ARM64 = Ad-Hoc|ARM64
		Ad-Hoc|iPhone = Ad-Hoc|iPhone
		Ad-Hoc|iPhoneSimulator = Ad-Hoc|iPhoneSimulator
		Ad-Hoc|x64 = Ad-Hoc|x64
		Ad-Hoc|x86 = Ad-Hoc|x86
		AppStore|Any CPU = AppStore|Any CPU
		AppStore|ARM = AppStore|ARM
		AppStore|ARM64 = AppStore|ARM64
		AppStore|iPhone = AppStore|iPhone
		AppStore|iPhoneSimulator = AppStore|iPhoneSimulator
		AppStore|x64 = AppStore|x64
		AppStore|x86 = AppStore|x86
		Debug|Any CPU = Debug|Any CPU
		Debug|ARM = Debug|ARM
		Debug|ARM64 = Debug|ARM64
		Debug|iPhone = Debug|iPhone
		Debug|iPhoneSimulator = Debug|iPhoneSimulator
		Debug|x64 = Debug|x64
		Debug|x86 = Debug|x86
		Release|Any CPU = Release|Any CPU
		Release|ARM = Release|ARM
		Release|ARM64 = Release|ARM64
		Release|iPhone = Release|iPhone
		Release|iPhoneSimulator = Release|iPhoneSimulator
		Release|x64 = Release|x64
		Release|x86 = Release|x86
	EndGlobalSection
	GlobalSection(ProjectConfigurationPlatforms) = postSolution
		{45191A65-8E7F-4A11-8217-EEA9EA1EB634}.Ad-Hoc|Any CPU.ActiveCfg = Debug|Any CPU
		{45191A65-8E7F-4A11-8217-EEA9EA1EB634}.Ad-Hoc|Any CPU.Build.0 = Debug|Any CPU
		{45191A65-8E7F-4A11-8217-EEA9EA1EB634}.Ad-Hoc|Any CPU.Deploy.0 = Debug|Any CPU
		{45191A65-8E7F-4A11-8217-EEA9EA1EB634}.Ad-Hoc|ARM.ActiveCfg = Debug|Any CPU
		{45191A65-8E7F-4A11-8217-EEA9EA1EB634}.Ad-Hoc|ARM.Build.0 = Debug|Any CPU
		{45191A65-8E7F-4A11-8217-EEA9EA1EB634}.Ad-Hoc|ARM.Deploy.0 = Debug|Any CPU
		{45191A65-8E7F-4A11-8217-EEA9EA1EB634}.Ad-Hoc|ARM64.ActiveCfg = Debug|Any CPU
		{45191A65-8E7F-4A11-8217-EEA9EA1EB634}.Ad-Hoc|ARM64.Build.0 = Debug|Any CPU
		{45191A65-8E7F-4A11-8217-EEA9EA1EB634}.Ad-Hoc|ARM64.Deploy.0 = Debug|Any CPU
		{45191A65-8E7F-4A11-8217-EEA9EA1EB634}.Ad-Hoc|iPhone.ActiveCfg = Debug|Any CPU
		{45191A65-8E7F-4A11-8217-EEA9EA1EB634}.Ad-Hoc|iPhone.Build.0 = Debug|Any CPU
		{45191A65-8E7F-4A11-8217-EEA9EA1EB634}.Ad-Hoc|iPhone.Deploy.0 = Debug|Any CPU
		{45191A65-8E7F-4A11-8217-EEA9EA1EB634}.Ad-Hoc|iPhoneSimulator.ActiveCfg = Debug|Any CPU
		{45191A65-8E7F-4A11-8217-EEA9EA1EB634}.Ad-Hoc|iPhoneSimulator.Build.0 = Debug|Any CPU
		{45191A65-8E7F-4A11-8217-EEA9EA1EB634}.Ad-Hoc|iPhoneSimulator.Deploy.0 = Debug|Any CPU
		{45191A65-8E7F-4A11-8217-EEA9EA1EB634}.Ad-Hoc|x64.ActiveCfg = Debug|Any CPU
		{45191A65-8E7F-4A11-8217-EEA9EA1EB634}.Ad-Hoc|x64.Build.0 = Debug|Any CPU
		{45191A65-8E7F-4A11-8217-EEA9EA1EB634}.Ad-Hoc|x64.Deploy.0 = Debug|Any CPU
		{45191A65-8E7F-4A11-8217-EEA9EA1EB634}.Ad-Hoc|x86.ActiveCfg = Debug|Any CPU
		{45191A65-8E7F-4A11-8217-EEA9EA1EB634}.Ad-Hoc|x86.Build.0 = Debug|Any CPU
		{45191A65-8E7F-4A11-8217-EEA9EA1EB634}.Ad-Hoc|x86.Deploy.0 = Debug|Any CPU
		{45191A65-8E7F-4A11-8217-EEA9EA1EB634}.AppStore|Any CPU.ActiveCfg = Debug|Any CPU
		{45191A65-8E7F-4A11-8217-EEA9EA1EB634}.AppStore|Any CPU.Build.0 = Debug|Any CPU
		{45191A65-8E7F-4A11-8217-EEA9EA1EB634}.AppStore|Any CPU.Deploy.0 = Debug|Any CPU
		{45191A65-8E7F-4A11-8217-EEA9EA1EB634}.AppStore|ARM.ActiveCfg = Debug|Any CPU
		{45191A65-8E7F-4A11-8217-EEA9EA1EB634}.AppStore|ARM.Build.0 = Debug|Any CPU
		{45191A65-8E7F-4A11-8217-EEA9EA1EB634}.AppStore|ARM.Deploy.0 = Debug|Any CPU
		{45191A65-8E7F-4A11-8217-EEA9EA1EB634}.AppStore|ARM64.ActiveCfg = Debug|Any CPU
		{45191A65-8E7F-4A11-8217-EEA9EA1EB634}.AppStore|ARM64.Build.0 = Debug|Any CPU
		{45191A65-8E7F-4A11-8217-EEA9EA1EB634}.AppStore|ARM64.Deploy.0 = Debug|Any CPU
		{45191A65-8E7F-4A11-8217-EEA9EA1EB634}.AppStore|iPhone.ActiveCfg = Debug|Any CPU
		{45191A65-8E7F-4A11-8217-EEA9EA1EB634}.AppStore|iPhone.Build.0 = Debug|Any CPU
		{45191A65-8E7F-4A11-8217-EEA9EA1EB634}.AppStore|iPhone.Deploy.0 = Debug|Any CPU
		{45191A65-8E7F-4A11-8217-EEA9EA1EB634}.AppStore|iPhoneSimulator.ActiveCfg = Debug|Any CPU
		{45191A65-8E7F-4A11-8217-EEA9EA1EB634}.AppStore|iPhoneSimulator.Build.0 = Debug|Any CPU
		{45191A65-8E7F-4A11-8217-EEA9EA1EB634}.AppStore|iPhoneSimulator.Deploy.0 = Debug|Any CPU
		{45191A65-8E7F-4A11-8217-EEA9EA1EB634}.AppStore|x64.ActiveCfg = Debug|Any CPU
		{45191A65-8E7F-4A11-8217-EEA9EA1EB634}.AppStore|x64.Build.0 = Debug|Any CPU
		{45191A65-8E7F-4A11-8217-EEA9EA1EB634}.AppStore|x64.Deploy.0 = Debug|Any CPU
		{45191A65-8E7F-4A11-8217-EEA9EA1EB634}.AppStore|x86.ActiveCfg = Debug|Any CPU
		{45191A65-8E7F-4A11-8217-EEA9EA1EB634}.AppStore|x86.Build.0 = Debug|Any CPU
		{45191A65-8E7F-4A11-8217-EEA9EA1EB634}.AppStore|x86.Deploy.0 = Debug|Any CPU
		{45191A65-8E7F-4A11-8217-EEA9EA1EB634}.Debug|Any CPU.ActiveCfg = Debug|Any CPU
		{45191A65-8E7F-4A11-8217-EEA9EA1EB634}.Debug|Any CPU.Build.0 = Debug|Any CPU
		{45191A65-8E7F-4A11-8217-EEA9EA1EB634}.Debug|Any CPU.Deploy.0 = Debug|Any CPU
		{45191A65-8E7F-4A11-8217-EEA9EA1EB634}.Debug|ARM.ActiveCfg = Debug|Any CPU
		{45191A65-8E7F-4A11-8217-EEA9EA1EB634}.Debug|ARM.Build.0 = Debug|Any CPU
		{45191A65-8E7F-4A11-8217-EEA9EA1EB634}.Debug|ARM.Deploy.0 = Debug|Any CPU
		{45191A65-8E7F-4A11-8217-EEA9EA1EB634}.Debug|ARM64.ActiveCfg = Debug|Any CPU
		{45191A65-8E7F-4A11-8217-EEA9EA1EB634}.Debug|ARM64.Build.0 = Debug|Any CPU
		{45191A65-8E7F-4A11-8217-EEA9EA1EB634}.Debug|ARM64.Deploy.0 = Debug|Any CPU
		{45191A65-8E7F-4A11-8217-EEA9EA1EB634}.Debug|iPhone.ActiveCfg = Debug|Any CPU
		{45191A65-8E7F-4A11-8217-EEA9EA1EB634}.Debug|iPhone.Build.0 = Debug|Any CPU
		{45191A65-8E7F-4A11-8217-EEA9EA1EB634}.Debug|iPhone.Deploy.0 = Debug|Any CPU
		{45191A65-8E7F-4A11-8217-EEA9EA1EB634}.Debug|iPhoneSimulator.ActiveCfg = Debug|Any CPU
		{45191A65-8E7F-4A11-8217-EEA9EA1EB634}.Debug|iPhoneSimulator.Build.0 = Debug|Any CPU
		{45191A65-8E7F-4A11-8217-EEA9EA1EB634}.Debug|iPhoneSimulator.Deploy.0 = Debug|Any CPU
		{45191A65-8E7F-4A11-8217-EEA9EA1EB634}.Debug|x64.ActiveCfg = Debug|Any CPU
		{45191A65-8E7F-4A11-8217-EEA9EA1EB634}.Debug|x64.Build.0 = Debug|Any CPU
		{45191A65-8E7F-4A11-8217-EEA9EA1EB634}.Debug|x64.Deploy.0 = Debug|Any CPU
		{45191A65-8E7F-4A11-8217-EEA9EA1EB634}.Debug|x86.ActiveCfg = Debug|Any CPU
		{45191A65-8E7F-4A11-8217-EEA9EA1EB634}.Debug|x86.Build.0 = Debug|Any CPU
		{45191A65-8E7F-4A11-8217-EEA9EA1EB634}.Debug|x86.Deploy.0 = Debug|Any CPU
		{45191A65-8E7F-4A11-8217-EEA9EA1EB634}.Release|Any CPU.ActiveCfg = Release|Any CPU
		{45191A65-8E7F-4A11-8217-EEA9EA1EB634}.Release|Any CPU.Build.0 = Release|Any CPU
		{45191A65-8E7F-4A11-8217-EEA9EA1EB634}.Release|Any CPU.Deploy.0 = Release|Any CPU
		{45191A65-8E7F-4A11-8217-EEA9EA1EB634}.Release|ARM.ActiveCfg = Release|Any CPU
		{45191A65-8E7F-4A11-8217-EEA9EA1EB634}.Release|ARM.Build.0 = Release|Any CPU
		{45191A65-8E7F-4A11-8217-EEA9EA1EB634}.Release|ARM.Deploy.0 = Release|Any CPU
		{45191A65-8E7F-4A11-8217-EEA9EA1EB634}.Release|ARM64.ActiveCfg = Release|Any CPU
		{45191A65-8E7F-4A11-8217-EEA9EA1EB634}.Release|ARM64.Build.0 = Release|Any CPU
		{45191A65-8E7F-4A11-8217-EEA9EA1EB634}.Release|ARM64.Deploy.0 = Release|Any CPU
		{45191A65-8E7F-4A11-8217-EEA9EA1EB634}.Release|iPhone.ActiveCfg = Release|Any CPU
		{45191A65-8E7F-4A11-8217-EEA9EA1EB634}.Release|iPhone.Build.0 = Release|Any CPU
		{45191A65-8E7F-4A11-8217-EEA9EA1EB634}.Release|iPhone.Deploy.0 = Release|Any CPU
		{45191A65-8E7F-4A11-8217-EEA9EA1EB634}.Release|iPhoneSimulator.ActiveCfg = Release|Any CPU
		{45191A65-8E7F-4A11-8217-EEA9EA1EB634}.Release|iPhoneSimulator.Build.0 = Release|Any CPU
		{45191A65-8E7F-4A11-8217-EEA9EA1EB634}.Release|iPhoneSimulator.Deploy.0 = Release|Any CPU
		{45191A65-8E7F-4A11-8217-EEA9EA1EB634}.Release|x64.ActiveCfg = Release|Any CPU
		{45191A65-8E7F-4A11-8217-EEA9EA1EB634}.Release|x64.Build.0 = Release|Any CPU
		{45191A65-8E7F-4A11-8217-EEA9EA1EB634}.Release|x64.Deploy.0 = Release|Any CPU
		{45191A65-8E7F-4A11-8217-EEA9EA1EB634}.Release|x86.ActiveCfg = Release|Any CPU
		{45191A65-8E7F-4A11-8217-EEA9EA1EB634}.Release|x86.Build.0 = Release|Any CPU
		{45191A65-8E7F-4A11-8217-EEA9EA1EB634}.Release|x86.Deploy.0 = Release|Any CPU
		{C24C66CD-76C5-417E-8123-6EBA123D49B9}.Ad-Hoc|Any CPU.ActiveCfg = Ad-Hoc|iPhoneSimulator
		{C24C66CD-76C5-417E-8123-6EBA123D49B9}.Ad-Hoc|Any CPU.Build.0 = Ad-Hoc|iPhoneSimulator
		{C24C66CD-76C5-417E-8123-6EBA123D49B9}.Ad-Hoc|ARM.ActiveCfg = Ad-Hoc|iPhoneSimulator
		{C24C66CD-76C5-417E-8123-6EBA123D49B9}.Ad-Hoc|ARM.Build.0 = Ad-Hoc|iPhoneSimulator
		{C24C66CD-76C5-417E-8123-6EBA123D49B9}.Ad-Hoc|ARM64.ActiveCfg = Ad-Hoc|iPhoneSimulator
		{C24C66CD-76C5-417E-8123-6EBA123D49B9}.Ad-Hoc|ARM64.Build.0 = Ad-Hoc|iPhoneSimulator
		{C24C66CD-76C5-417E-8123-6EBA123D49B9}.Ad-Hoc|iPhone.ActiveCfg = Ad-Hoc|iPhone
		{C24C66CD-76C5-417E-8123-6EBA123D49B9}.Ad-Hoc|iPhone.Build.0 = Ad-Hoc|iPhone
		{C24C66CD-76C5-417E-8123-6EBA123D49B9}.Ad-Hoc|iPhoneSimulator.ActiveCfg = Ad-Hoc|iPhoneSimulator
		{C24C66CD-76C5-417E-8123-6EBA123D49B9}.Ad-Hoc|iPhoneSimulator.Build.0 = Ad-Hoc|iPhoneSimulator
		{C24C66CD-76C5-417E-8123-6EBA123D49B9}.Ad-Hoc|x64.ActiveCfg = Ad-Hoc|iPhoneSimulator
		{C24C66CD-76C5-417E-8123-6EBA123D49B9}.Ad-Hoc|x64.Build.0 = Ad-Hoc|iPhoneSimulator
		{C24C66CD-76C5-417E-8123-6EBA123D49B9}.Ad-Hoc|x86.ActiveCfg = Ad-Hoc|iPhoneSimulator
		{C24C66CD-76C5-417E-8123-6EBA123D49B9}.Ad-Hoc|x86.Build.0 = Ad-Hoc|iPhoneSimulator
		{C24C66CD-76C5-417E-8123-6EBA123D49B9}.AppStore|Any CPU.ActiveCfg = AppStore|iPhoneSimulator
		{C24C66CD-76C5-417E-8123-6EBA123D49B9}.AppStore|Any CPU.Build.0 = AppStore|iPhoneSimulator
		{C24C66CD-76C5-417E-8123-6EBA123D49B9}.AppStore|ARM.ActiveCfg = AppStore|iPhoneSimulator
		{C24C66CD-76C5-417E-8123-6EBA123D49B9}.AppStore|ARM.Build.0 = AppStore|iPhoneSimulator
		{C24C66CD-76C5-417E-8123-6EBA123D49B9}.AppStore|ARM64.ActiveCfg = AppStore|iPhoneSimulator
		{C24C66CD-76C5-417E-8123-6EBA123D49B9}.AppStore|ARM64.Build.0 = AppStore|iPhoneSimulator
		{C24C66CD-76C5-417E-8123-6EBA123D49B9}.AppStore|iPhone.ActiveCfg = AppStore|iPhone
		{C24C66CD-76C5-417E-8123-6EBA123D49B9}.AppStore|iPhone.Build.0 = AppStore|iPhone
		{C24C66CD-76C5-417E-8123-6EBA123D49B9}.AppStore|iPhoneSimulator.ActiveCfg = AppStore|iPhoneSimulator
		{C24C66CD-76C5-417E-8123-6EBA123D49B9}.AppStore|iPhoneSimulator.Build.0 = AppStore|iPhoneSimulator
		{C24C66CD-76C5-417E-8123-6EBA123D49B9}.AppStore|x64.ActiveCfg = AppStore|iPhoneSimulator
		{C24C66CD-76C5-417E-8123-6EBA123D49B9}.AppStore|x64.Build.0 = AppStore|iPhoneSimulator
		{C24C66CD-76C5-417E-8123-6EBA123D49B9}.AppStore|x86.ActiveCfg = AppStore|iPhoneSimulator
		{C24C66CD-76C5-417E-8123-6EBA123D49B9}.AppStore|x86.Build.0 = AppStore|iPhoneSimulator
		{C24C66CD-76C5-417E-8123-6EBA123D49B9}.Debug|Any CPU.ActiveCfg = Debug|iPhoneSimulator
		{C24C66CD-76C5-417E-8123-6EBA123D49B9}.Debug|Any CPU.Build.0 = Debug|iPhoneSimulator
		{C24C66CD-76C5-417E-8123-6EBA123D49B9}.Debug|ARM.ActiveCfg = Debug|iPhoneSimulator
		{C24C66CD-76C5-417E-8123-6EBA123D49B9}.Debug|ARM.Build.0 = Debug|iPhoneSimulator
		{C24C66CD-76C5-417E-8123-6EBA123D49B9}.Debug|ARM64.ActiveCfg = Debug|iPhoneSimulator
		{C24C66CD-76C5-417E-8123-6EBA123D49B9}.Debug|ARM64.Build.0 = Debug|iPhoneSimulator
		{C24C66CD-76C5-417E-8123-6EBA123D49B9}.Debug|iPhone.ActiveCfg = Debug|iPhone
		{C24C66CD-76C5-417E-8123-6EBA123D49B9}.Debug|iPhone.Build.0 = Debug|iPhone
		{C24C66CD-76C5-417E-8123-6EBA123D49B9}.Debug|iPhoneSimulator.ActiveCfg = Debug|iPhoneSimulator
		{C24C66CD-76C5-417E-8123-6EBA123D49B9}.Debug|iPhoneSimulator.Build.0 = Debug|iPhoneSimulator
		{C24C66CD-76C5-417E-8123-6EBA123D49B9}.Debug|x64.ActiveCfg = Debug|iPhoneSimulator
		{C24C66CD-76C5-417E-8123-6EBA123D49B9}.Debug|x64.Build.0 = Debug|iPhoneSimulator
		{C24C66CD-76C5-417E-8123-6EBA123D49B9}.Debug|x86.ActiveCfg = Debug|iPhoneSimulator
		{C24C66CD-76C5-417E-8123-6EBA123D49B9}.Debug|x86.Build.0 = Debug|iPhoneSimulator
		{C24C66CD-76C5-417E-8123-6EBA123D49B9}.Release|Any CPU.ActiveCfg = Release|iPhoneSimulator
		{C24C66CD-76C5-417E-8123-6EBA123D49B9}.Release|Any CPU.Build.0 = Release|iPhoneSimulator
		{C24C66CD-76C5-417E-8123-6EBA123D49B9}.Release|ARM.ActiveCfg = Release|iPhoneSimulator
		{C24C66CD-76C5-417E-8123-6EBA123D49B9}.Release|ARM.Build.0 = Release|iPhoneSimulator
		{C24C66CD-76C5-417E-8123-6EBA123D49B9}.Release|ARM64.ActiveCfg = Release|iPhoneSimulator
		{C24C66CD-76C5-417E-8123-6EBA123D49B9}.Release|ARM64.Build.0 = Release|iPhoneSimulator
		{C24C66CD-76C5-417E-8123-6EBA123D49B9}.Release|iPhone.ActiveCfg = Release|iPhone
		{C24C66CD-76C5-417E-8123-6EBA123D49B9}.Release|iPhone.Build.0 = Release|iPhone
		{C24C66CD-76C5-417E-8123-6EBA123D49B9}.Release|iPhoneSimulator.ActiveCfg = Release|iPhoneSimulator
		{C24C66CD-76C5-417E-8123-6EBA123D49B9}.Release|iPhoneSimulator.Build.0 = Release|iPhoneSimulator
		{C24C66CD-76C5-417E-8123-6EBA123D49B9}.Release|x64.ActiveCfg = Release|iPhoneSimulator
		{C24C66CD-76C5-417E-8123-6EBA123D49B9}.Release|x64.Build.0 = Release|iPhoneSimulator
		{C24C66CD-76C5-417E-8123-6EBA123D49B9}.Release|x86.ActiveCfg = Release|iPhoneSimulator
		{C24C66CD-76C5-417E-8123-6EBA123D49B9}.Release|x86.Build.0 = Release|iPhoneSimulator
		{A7028754-4FC7-43EB-86C7-265E20DD1042}.Ad-Hoc|Any CPU.ActiveCfg = Debug|x86
		{A7028754-4FC7-43EB-86C7-265E20DD1042}.Ad-Hoc|Any CPU.Build.0 = Debug|x86
		{A7028754-4FC7-43EB-86C7-265E20DD1042}.Ad-Hoc|Any CPU.Deploy.0 = Debug|x86
		{A7028754-4FC7-43EB-86C7-265E20DD1042}.Ad-Hoc|ARM.ActiveCfg = Debug|ARM
		{A7028754-4FC7-43EB-86C7-265E20DD1042}.Ad-Hoc|ARM.Build.0 = Debug|ARM
		{A7028754-4FC7-43EB-86C7-265E20DD1042}.Ad-Hoc|ARM.Deploy.0 = Debug|ARM
		{A7028754-4FC7-43EB-86C7-265E20DD1042}.Ad-Hoc|ARM64.ActiveCfg = Debug|ARM64
		{A7028754-4FC7-43EB-86C7-265E20DD1042}.Ad-Hoc|ARM64.Build.0 = Debug|ARM64
		{A7028754-4FC7-43EB-86C7-265E20DD1042}.Ad-Hoc|ARM64.Deploy.0 = Debug|ARM64
		{A7028754-4FC7-43EB-86C7-265E20DD1042}.Ad-Hoc|iPhone.ActiveCfg = Debug|x86
		{A7028754-4FC7-43EB-86C7-265E20DD1042}.Ad-Hoc|iPhone.Build.0 = Debug|x86
		{A7028754-4FC7-43EB-86C7-265E20DD1042}.Ad-Hoc|iPhone.Deploy.0 = Debug|x86
		{A7028754-4FC7-43EB-86C7-265E20DD1042}.Ad-Hoc|iPhoneSimulator.ActiveCfg = Debug|x86
		{A7028754-4FC7-43EB-86C7-265E20DD1042}.Ad-Hoc|iPhoneSimulator.Build.0 = Debug|x86
		{A7028754-4FC7-43EB-86C7-265E20DD1042}.Ad-Hoc|iPhoneSimulator.Deploy.0 = Debug|x86
		{A7028754-4FC7-43EB-86C7-265E20DD1042}.Ad-Hoc|x64.ActiveCfg = Debug|x64
		{A7028754-4FC7-43EB-86C7-265E20DD1042}.Ad-Hoc|x64.Build.0 = Debug|x64
		{A7028754-4FC7-43EB-86C7-265E20DD1042}.Ad-Hoc|x64.Deploy.0 = Debug|x64
		{A7028754-4FC7-43EB-86C7-265E20DD1042}.Ad-Hoc|x86.ActiveCfg = Debug|x86
		{A7028754-4FC7-43EB-86C7-265E20DD1042}.Ad-Hoc|x86.Build.0 = Debug|x86
		{A7028754-4FC7-43EB-86C7-265E20DD1042}.Ad-Hoc|x86.Deploy.0 = Debug|x86
		{A7028754-4FC7-43EB-86C7-265E20DD1042}.AppStore|Any CPU.ActiveCfg = Debug|x86
		{A7028754-4FC7-43EB-86C7-265E20DD1042}.AppStore|Any CPU.Build.0 = Debug|x86
		{A7028754-4FC7-43EB-86C7-265E20DD1042}.AppStore|Any CPU.Deploy.0 = Debug|x86
		{A7028754-4FC7-43EB-86C7-265E20DD1042}.AppStore|ARM.ActiveCfg = Debug|ARM
		{A7028754-4FC7-43EB-86C7-265E20DD1042}.AppStore|ARM.Build.0 = Debug|ARM
		{A7028754-4FC7-43EB-86C7-265E20DD1042}.AppStore|ARM.Deploy.0 = Debug|ARM
		{A7028754-4FC7-43EB-86C7-265E20DD1042}.AppStore|ARM64.ActiveCfg = Debug|ARM64
		{A7028754-4FC7-43EB-86C7-265E20DD1042}.AppStore|ARM64.Build.0 = Debug|ARM64
		{A7028754-4FC7-43EB-86C7-265E20DD1042}.AppStore|ARM64.Deploy.0 = Debug|ARM64
		{A7028754-4FC7-43EB-86C7-265E20DD1042}.AppStore|iPhone.ActiveCfg = Debug|x86
		{A7028754-4FC7-43EB-86C7-265E20DD1042}.AppStore|iPhone.Build.0 = Debug|x86
		{A7028754-4FC7-43EB-86C7-265E20DD1042}.AppStore|iPhone.Deploy.0 = Debug|x86
		{A7028754-4FC7-43EB-86C7-265E20DD1042}.AppStore|iPhoneSimulator.ActiveCfg = Debug|x86
		{A7028754-4FC7-43EB-86C7-265E20DD1042}.AppStore|iPhoneSimulator.Build.0 = Debug|x86
		{A7028754-4FC7-43EB-86C7-265E20DD1042}.AppStore|iPhoneSimulator.Deploy.0 = Debug|x86
		{A7028754-4FC7-43EB-86C7-265E20DD1042}.AppStore|x64.ActiveCfg = Debug|x64
		{A7028754-4FC7-43EB-86C7-265E20DD1042}.AppStore|x64.Build.0 = Debug|x64
		{A7028754-4FC7-43EB-86C7-265E20DD1042}.AppStore|x64.Deploy.0 = Debug|x64
		{A7028754-4FC7-43EB-86C7-265E20DD1042}.AppStore|x86.ActiveCfg = Debug|x86
		{A7028754-4FC7-43EB-86C7-265E20DD1042}.AppStore|x86.Build.0 = Debug|x86
		{A7028754-4FC7-43EB-86C7-265E20DD1042}.AppStore|x86.Deploy.0 = Debug|x86
		{A7028754-4FC7-43EB-86C7-265E20DD1042}.Debug|Any CPU.ActiveCfg = Debug|x86
		{A7028754-4FC7-43EB-86C7-265E20DD1042}.Debug|Any CPU.Build.0 = Debug|x86
		{A7028754-4FC7-43EB-86C7-265E20DD1042}.Debug|Any CPU.Deploy.0 = Debug|x86
		{A7028754-4FC7-43EB-86C7-265E20DD1042}.Debug|ARM.ActiveCfg = Debug|ARM
		{A7028754-4FC7-43EB-86C7-265E20DD1042}.Debug|ARM.Build.0 = Debug|ARM
		{A7028754-4FC7-43EB-86C7-265E20DD1042}.Debug|ARM.Deploy.0 = Debug|ARM
		{A7028754-4FC7-43EB-86C7-265E20DD1042}.Debug|ARM64.ActiveCfg = Debug|ARM64
		{A7028754-4FC7-43EB-86C7-265E20DD1042}.Debug|ARM64.Build.0 = Debug|ARM64
		{A7028754-4FC7-43EB-86C7-265E20DD1042}.Debug|ARM64.Deploy.0 = Debug|ARM64
		{A7028754-4FC7-43EB-86C7-265E20DD1042}.Debug|iPhone.ActiveCfg = Debug|x64
		{A7028754-4FC7-43EB-86C7-265E20DD1042}.Debug|iPhone.Build.0 = Debug|x64
		{A7028754-4FC7-43EB-86C7-265E20DD1042}.Debug|iPhone.Deploy.0 = Debug|x64
		{A7028754-4FC7-43EB-86C7-265E20DD1042}.Debug|iPhoneSimulator.ActiveCfg = Debug|x64
		{A7028754-4FC7-43EB-86C7-265E20DD1042}.Debug|iPhoneSimulator.Build.0 = Debug|x64
		{A7028754-4FC7-43EB-86C7-265E20DD1042}.Debug|iPhoneSimulator.Deploy.0 = Debug|x64
		{A7028754-4FC7-43EB-86C7-265E20DD1042}.Debug|x64.ActiveCfg = Debug|x64
		{A7028754-4FC7-43EB-86C7-265E20DD1042}.Debug|x64.Build.0 = Debug|x64
		{A7028754-4FC7-43EB-86C7-265E20DD1042}.Debug|x64.Deploy.0 = Debug|x64
		{A7028754-4FC7-43EB-86C7-265E20DD1042}.Debug|x86.ActiveCfg = Debug|x86
		{A7028754-4FC7-43EB-86C7-265E20DD1042}.Debug|x86.Build.0 = Debug|x86
		{A7028754-4FC7-43EB-86C7-265E20DD1042}.Debug|x86.Deploy.0 = Debug|x86
		{A7028754-4FC7-43EB-86C7-265E20DD1042}.Release|Any CPU.ActiveCfg = Release|x64
		{A7028754-4FC7-43EB-86C7-265E20DD1042}.Release|Any CPU.Build.0 = Release|x64
		{A7028754-4FC7-43EB-86C7-265E20DD1042}.Release|Any CPU.Deploy.0 = Release|x64
		{A7028754-4FC7-43EB-86C7-265E20DD1042}.Release|ARM.ActiveCfg = Release|ARM
		{A7028754-4FC7-43EB-86C7-265E20DD1042}.Release|ARM.Build.0 = Release|ARM
		{A7028754-4FC7-43EB-86C7-265E20DD1042}.Release|ARM.Deploy.0 = Release|ARM
		{A7028754-4FC7-43EB-86C7-265E20DD1042}.Release|ARM64.ActiveCfg = Release|ARM64
		{A7028754-4FC7-43EB-86C7-265E20DD1042}.Release|ARM64.Build.0 = Release|ARM64
		{A7028754-4FC7-43EB-86C7-265E20DD1042}.Release|ARM64.Deploy.0 = Release|ARM64
		{A7028754-4FC7-43EB-86C7-265E20DD1042}.Release|iPhone.ActiveCfg = Release|x64
		{A7028754-4FC7-43EB-86C7-265E20DD1042}.Release|iPhone.Build.0 = Release|x64
		{A7028754-4FC7-43EB-86C7-265E20DD1042}.Release|iPhone.Deploy.0 = Release|x64
		{A7028754-4FC7-43EB-86C7-265E20DD1042}.Release|iPhoneSimulator.ActiveCfg = Release|x64
		{A7028754-4FC7-43EB-86C7-265E20DD1042}.Release|iPhoneSimulator.Build.0 = Release|x64
		{A7028754-4FC7-43EB-86C7-265E20DD1042}.Release|iPhoneSimulator.Deploy.0 = Release|x64
		{A7028754-4FC7-43EB-86C7-265E20DD1042}.Release|x64.ActiveCfg = Release|x64
		{A7028754-4FC7-43EB-86C7-265E20DD1042}.Release|x64.Build.0 = Release|x64
		{A7028754-4FC7-43EB-86C7-265E20DD1042}.Release|x64.Deploy.0 = Release|x64
		{A7028754-4FC7-43EB-86C7-265E20DD1042}.Release|x86.ActiveCfg = Release|x86
		{A7028754-4FC7-43EB-86C7-265E20DD1042}.Release|x86.Build.0 = Release|x86
		{A7028754-4FC7-43EB-86C7-265E20DD1042}.Release|x86.Deploy.0 = Release|x86
		{69A18D61-2D10-48C9-9B09-D8DD9A4DC280}.Ad-Hoc|Any CPU.ActiveCfg = Debug|Any CPU
		{69A18D61-2D10-48C9-9B09-D8DD9A4DC280}.Ad-Hoc|Any CPU.Build.0 = Debug|Any CPU
		{69A18D61-2D10-48C9-9B09-D8DD9A4DC280}.Ad-Hoc|ARM.ActiveCfg = Debug|Any CPU
		{69A18D61-2D10-48C9-9B09-D8DD9A4DC280}.Ad-Hoc|ARM.Build.0 = Debug|Any CPU
		{69A18D61-2D10-48C9-9B09-D8DD9A4DC280}.Ad-Hoc|ARM64.ActiveCfg = Debug|Any CPU
		{69A18D61-2D10-48C9-9B09-D8DD9A4DC280}.Ad-Hoc|ARM64.Build.0 = Debug|Any CPU
		{69A18D61-2D10-48C9-9B09-D8DD9A4DC280}.Ad-Hoc|iPhone.ActiveCfg = Debug|Any CPU
		{69A18D61-2D10-48C9-9B09-D8DD9A4DC280}.Ad-Hoc|iPhone.Build.0 = Debug|Any CPU
		{69A18D61-2D10-48C9-9B09-D8DD9A4DC280}.Ad-Hoc|iPhoneSimulator.ActiveCfg = Debug|Any CPU
		{69A18D61-2D10-48C9-9B09-D8DD9A4DC280}.Ad-Hoc|iPhoneSimulator.Build.0 = Debug|Any CPU
		{69A18D61-2D10-48C9-9B09-D8DD9A4DC280}.Ad-Hoc|x64.ActiveCfg = Debug|Any CPU
		{69A18D61-2D10-48C9-9B09-D8DD9A4DC280}.Ad-Hoc|x64.Build.0 = Debug|Any CPU
		{69A18D61-2D10-48C9-9B09-D8DD9A4DC280}.Ad-Hoc|x86.ActiveCfg = Debug|Any CPU
		{69A18D61-2D10-48C9-9B09-D8DD9A4DC280}.Ad-Hoc|x86.Build.0 = Debug|Any CPU
		{69A18D61-2D10-48C9-9B09-D8DD9A4DC280}.AppStore|Any CPU.ActiveCfg = Debug|Any CPU
		{69A18D61-2D10-48C9-9B09-D8DD9A4DC280}.AppStore|Any CPU.Build.0 = Debug|Any CPU
		{69A18D61-2D10-48C9-9B09-D8DD9A4DC280}.AppStore|ARM.ActiveCfg = Debug|Any CPU
		{69A18D61-2D10-48C9-9B09-D8DD9A4DC280}.AppStore|ARM.Build.0 = Debug|Any CPU
		{69A18D61-2D10-48C9-9B09-D8DD9A4DC280}.AppStore|ARM64.ActiveCfg = Debug|Any CPU
		{69A18D61-2D10-48C9-9B09-D8DD9A4DC280}.AppStore|ARM64.Build.0 = Debug|Any CPU
		{69A18D61-2D10-48C9-9B09-D8DD9A4DC280}.AppStore|iPhone.ActiveCfg = Debug|Any CPU
		{69A18D61-2D10-48C9-9B09-D8DD9A4DC280}.AppStore|iPhone.Build.0 = Debug|Any CPU
		{69A18D61-2D10-48C9-9B09-D8DD9A4DC280}.AppStore|iPhoneSimulator.ActiveCfg = Debug|Any CPU
		{69A18D61-2D10-48C9-9B09-D8DD9A4DC280}.AppStore|iPhoneSimulator.Build.0 = Debug|Any CPU
		{69A18D61-2D10-48C9-9B09-D8DD9A4DC280}.AppStore|x64.ActiveCfg = Debug|Any CPU
		{69A18D61-2D10-48C9-9B09-D8DD9A4DC280}.AppStore|x64.Build.0 = Debug|Any CPU
		{69A18D61-2D10-48C9-9B09-D8DD9A4DC280}.AppStore|x86.ActiveCfg = Debug|Any CPU
		{69A18D61-2D10-48C9-9B09-D8DD9A4DC280}.AppStore|x86.Build.0 = Debug|Any CPU
		{69A18D61-2D10-48C9-9B09-D8DD9A4DC280}.Debug|Any CPU.ActiveCfg = Debug|Any CPU
		{69A18D61-2D10-48C9-9B09-D8DD9A4DC280}.Debug|Any CPU.Build.0 = Debug|Any CPU
		{69A18D61-2D10-48C9-9B09-D8DD9A4DC280}.Debug|ARM.ActiveCfg = Debug|Any CPU
		{69A18D61-2D10-48C9-9B09-D8DD9A4DC280}.Debug|ARM.Build.0 = Debug|Any CPU
		{69A18D61-2D10-48C9-9B09-D8DD9A4DC280}.Debug|ARM64.ActiveCfg = Debug|Any CPU
		{69A18D61-2D10-48C9-9B09-D8DD9A4DC280}.Debug|ARM64.Build.0 = Debug|Any CPU
		{69A18D61-2D10-48C9-9B09-D8DD9A4DC280}.Debug|iPhone.ActiveCfg = Debug|Any CPU
		{69A18D61-2D10-48C9-9B09-D8DD9A4DC280}.Debug|iPhone.Build.0 = Debug|Any CPU
		{69A18D61-2D10-48C9-9B09-D8DD9A4DC280}.Debug|iPhoneSimulator.ActiveCfg = Debug|Any CPU
		{69A18D61-2D10-48C9-9B09-D8DD9A4DC280}.Debug|iPhoneSimulator.Build.0 = Debug|Any CPU
		{69A18D61-2D10-48C9-9B09-D8DD9A4DC280}.Debug|x64.ActiveCfg = Debug|Any CPU
		{69A18D61-2D10-48C9-9B09-D8DD9A4DC280}.Debug|x64.Build.0 = Debug|Any CPU
		{69A18D61-2D10-48C9-9B09-D8DD9A4DC280}.Debug|x86.ActiveCfg = Debug|Any CPU
		{69A18D61-2D10-48C9-9B09-D8DD9A4DC280}.Debug|x86.Build.0 = Debug|Any CPU
		{69A18D61-2D10-48C9-9B09-D8DD9A4DC280}.Release|Any CPU.ActiveCfg = Release|Any CPU
		{69A18D61-2D10-48C9-9B09-D8DD9A4DC280}.Release|Any CPU.Build.0 = Release|Any CPU
		{69A18D61-2D10-48C9-9B09-D8DD9A4DC280}.Release|ARM.ActiveCfg = Release|Any CPU
		{69A18D61-2D10-48C9-9B09-D8DD9A4DC280}.Release|ARM.Build.0 = Release|Any CPU
		{69A18D61-2D10-48C9-9B09-D8DD9A4DC280}.Release|ARM64.ActiveCfg = Release|Any CPU
		{69A18D61-2D10-48C9-9B09-D8DD9A4DC280}.Release|ARM64.Build.0 = Release|Any CPU
		{69A18D61-2D10-48C9-9B09-D8DD9A4DC280}.Release|iPhone.ActiveCfg = Release|Any CPU
		{69A18D61-2D10-48C9-9B09-D8DD9A4DC280}.Release|iPhone.Build.0 = Release|Any CPU
		{69A18D61-2D10-48C9-9B09-D8DD9A4DC280}.Release|iPhoneSimulator.ActiveCfg = Release|Any CPU
		{69A18D61-2D10-48C9-9B09-D8DD9A4DC280}.Release|iPhoneSimulator.Build.0 = Release|Any CPU
		{69A18D61-2D10-48C9-9B09-D8DD9A4DC280}.Release|x64.ActiveCfg = Release|Any CPU
		{69A18D61-2D10-48C9-9B09-D8DD9A4DC280}.Release|x64.Build.0 = Release|Any CPU
		{69A18D61-2D10-48C9-9B09-D8DD9A4DC280}.Release|x86.ActiveCfg = Release|Any CPU
		{69A18D61-2D10-48C9-9B09-D8DD9A4DC280}.Release|x86.Build.0 = Release|Any CPU
		{7C0D0CC1-9709-451B-9ECC-6A00C2A51D75}.Ad-Hoc|Any CPU.ActiveCfg = Debug|iPhoneSimulator
		{7C0D0CC1-9709-451B-9ECC-6A00C2A51D75}.Ad-Hoc|Any CPU.Build.0 = Debug|iPhoneSimulator
		{7C0D0CC1-9709-451B-9ECC-6A00C2A51D75}.Ad-Hoc|ARM.ActiveCfg = Debug|iPhoneSimulator
		{7C0D0CC1-9709-451B-9ECC-6A00C2A51D75}.Ad-Hoc|ARM.Build.0 = Debug|iPhoneSimulator
		{7C0D0CC1-9709-451B-9ECC-6A00C2A51D75}.Ad-Hoc|ARM64.ActiveCfg = Debug|iPhoneSimulator
		{7C0D0CC1-9709-451B-9ECC-6A00C2A51D75}.Ad-Hoc|ARM64.Build.0 = Debug|iPhoneSimulator
		{7C0D0CC1-9709-451B-9ECC-6A00C2A51D75}.Ad-Hoc|iPhone.ActiveCfg = Debug|iPhoneSimulator
		{7C0D0CC1-9709-451B-9ECC-6A00C2A51D75}.Ad-Hoc|iPhone.Build.0 = Debug|iPhoneSimulator
		{7C0D0CC1-9709-451B-9ECC-6A00C2A51D75}.Ad-Hoc|iPhoneSimulator.ActiveCfg = Debug|iPhoneSimulator
		{7C0D0CC1-9709-451B-9ECC-6A00C2A51D75}.Ad-Hoc|iPhoneSimulator.Build.0 = Debug|iPhoneSimulator
		{7C0D0CC1-9709-451B-9ECC-6A00C2A51D75}.Ad-Hoc|x64.ActiveCfg = Debug|iPhoneSimulator
		{7C0D0CC1-9709-451B-9ECC-6A00C2A51D75}.Ad-Hoc|x64.Build.0 = Debug|iPhoneSimulator
		{7C0D0CC1-9709-451B-9ECC-6A00C2A51D75}.Ad-Hoc|x86.ActiveCfg = Debug|iPhoneSimulator
		{7C0D0CC1-9709-451B-9ECC-6A00C2A51D75}.Ad-Hoc|x86.Build.0 = Debug|iPhoneSimulator
		{7C0D0CC1-9709-451B-9ECC-6A00C2A51D75}.AppStore|Any CPU.ActiveCfg = Debug|iPhoneSimulator
		{7C0D0CC1-9709-451B-9ECC-6A00C2A51D75}.AppStore|Any CPU.Build.0 = Debug|iPhoneSimulator
		{7C0D0CC1-9709-451B-9ECC-6A00C2A51D75}.AppStore|ARM.ActiveCfg = Debug|iPhoneSimulator
		{7C0D0CC1-9709-451B-9ECC-6A00C2A51D75}.AppStore|ARM.Build.0 = Debug|iPhoneSimulator
		{7C0D0CC1-9709-451B-9ECC-6A00C2A51D75}.AppStore|ARM64.ActiveCfg = Debug|iPhoneSimulator
		{7C0D0CC1-9709-451B-9ECC-6A00C2A51D75}.AppStore|ARM64.Build.0 = Debug|iPhoneSimulator
		{7C0D0CC1-9709-451B-9ECC-6A00C2A51D75}.AppStore|iPhone.ActiveCfg = Debug|iPhoneSimulator
		{7C0D0CC1-9709-451B-9ECC-6A00C2A51D75}.AppStore|iPhone.Build.0 = Debug|iPhoneSimulator
		{7C0D0CC1-9709-451B-9ECC-6A00C2A51D75}.AppStore|iPhoneSimulator.ActiveCfg = Debug|iPhoneSimulator
		{7C0D0CC1-9709-451B-9ECC-6A00C2A51D75}.AppStore|iPhoneSimulator.Build.0 = Debug|iPhoneSimulator
		{7C0D0CC1-9709-451B-9ECC-6A00C2A51D75}.AppStore|x64.ActiveCfg = Debug|iPhoneSimulator
		{7C0D0CC1-9709-451B-9ECC-6A00C2A51D75}.AppStore|x64.Build.0 = Debug|iPhoneSimulator
		{7C0D0CC1-9709-451B-9ECC-6A00C2A51D75}.AppStore|x86.ActiveCfg = Debug|iPhoneSimulator
		{7C0D0CC1-9709-451B-9ECC-6A00C2A51D75}.AppStore|x86.Build.0 = Debug|iPhoneSimulator
		{7C0D0CC1-9709-451B-9ECC-6A00C2A51D75}.Debug|Any CPU.ActiveCfg = Debug|iPhoneSimulator
		{7C0D0CC1-9709-451B-9ECC-6A00C2A51D75}.Debug|Any CPU.Build.0 = Debug|iPhoneSimulator
		{7C0D0CC1-9709-451B-9ECC-6A00C2A51D75}.Debug|ARM.ActiveCfg = Debug|iPhoneSimulator
		{7C0D0CC1-9709-451B-9ECC-6A00C2A51D75}.Debug|ARM.Build.0 = Debug|iPhoneSimulator
		{7C0D0CC1-9709-451B-9ECC-6A00C2A51D75}.Debug|ARM64.ActiveCfg = Debug|iPhoneSimulator
		{7C0D0CC1-9709-451B-9ECC-6A00C2A51D75}.Debug|ARM64.Build.0 = Debug|iPhoneSimulator
		{7C0D0CC1-9709-451B-9ECC-6A00C2A51D75}.Debug|iPhone.ActiveCfg = Debug|iPhoneSimulator
		{7C0D0CC1-9709-451B-9ECC-6A00C2A51D75}.Debug|iPhone.Build.0 = Debug|iPhoneSimulator
		{7C0D0CC1-9709-451B-9ECC-6A00C2A51D75}.Debug|iPhoneSimulator.ActiveCfg = Debug|iPhoneSimulator
		{7C0D0CC1-9709-451B-9ECC-6A00C2A51D75}.Debug|iPhoneSimulator.Build.0 = Debug|iPhoneSimulator
		{7C0D0CC1-9709-451B-9ECC-6A00C2A51D75}.Debug|x64.ActiveCfg = Debug|iPhoneSimulator
		{7C0D0CC1-9709-451B-9ECC-6A00C2A51D75}.Debug|x64.Build.0 = Debug|iPhoneSimulator
		{7C0D0CC1-9709-451B-9ECC-6A00C2A51D75}.Debug|x86.ActiveCfg = Debug|iPhoneSimulator
		{7C0D0CC1-9709-451B-9ECC-6A00C2A51D75}.Debug|x86.Build.0 = Debug|iPhoneSimulator
		{7C0D0CC1-9709-451B-9ECC-6A00C2A51D75}.Release|Any CPU.ActiveCfg = Release|iPhoneSimulator
		{7C0D0CC1-9709-451B-9ECC-6A00C2A51D75}.Release|Any CPU.Build.0 = Release|iPhoneSimulator
		{7C0D0CC1-9709-451B-9ECC-6A00C2A51D75}.Release|ARM.ActiveCfg = Release|iPhoneSimulator
		{7C0D0CC1-9709-451B-9ECC-6A00C2A51D75}.Release|ARM.Build.0 = Release|iPhoneSimulator
		{7C0D0CC1-9709-451B-9ECC-6A00C2A51D75}.Release|ARM64.ActiveCfg = Release|iPhoneSimulator
		{7C0D0CC1-9709-451B-9ECC-6A00C2A51D75}.Release|ARM64.Build.0 = Release|iPhoneSimulator
		{7C0D0CC1-9709-451B-9ECC-6A00C2A51D75}.Release|iPhone.ActiveCfg = Release|iPhoneSimulator
		{7C0D0CC1-9709-451B-9ECC-6A00C2A51D75}.Release|iPhone.Build.0 = Release|iPhoneSimulator
		{7C0D0CC1-9709-451B-9ECC-6A00C2A51D75}.Release|iPhoneSimulator.ActiveCfg = Release|iPhoneSimulator
		{7C0D0CC1-9709-451B-9ECC-6A00C2A51D75}.Release|iPhoneSimulator.Build.0 = Release|iPhoneSimulator
		{7C0D0CC1-9709-451B-9ECC-6A00C2A51D75}.Release|x64.ActiveCfg = Release|iPhoneSimulator
		{7C0D0CC1-9709-451B-9ECC-6A00C2A51D75}.Release|x64.Build.0 = Release|iPhoneSimulator
		{7C0D0CC1-9709-451B-9ECC-6A00C2A51D75}.Release|x86.ActiveCfg = Release|iPhoneSimulator
		{7C0D0CC1-9709-451B-9ECC-6A00C2A51D75}.Release|x86.Build.0 = Release|iPhoneSimulator
		{C49BCC75-3C08-41C0-ACF8-014EDE358D54}.Ad-Hoc|Any CPU.ActiveCfg = Debug|Any CPU
		{C49BCC75-3C08-41C0-ACF8-014EDE358D54}.Ad-Hoc|Any CPU.Build.0 = Debug|Any CPU
		{C49BCC75-3C08-41C0-ACF8-014EDE358D54}.Ad-Hoc|ARM.ActiveCfg = Debug|Any CPU
		{C49BCC75-3C08-41C0-ACF8-014EDE358D54}.Ad-Hoc|ARM.Build.0 = Debug|Any CPU
		{C49BCC75-3C08-41C0-ACF8-014EDE358D54}.Ad-Hoc|ARM64.ActiveCfg = Debug|Any CPU
		{C49BCC75-3C08-41C0-ACF8-014EDE358D54}.Ad-Hoc|ARM64.Build.0 = Debug|Any CPU
		{C49BCC75-3C08-41C0-ACF8-014EDE358D54}.Ad-Hoc|iPhone.ActiveCfg = Debug|Any CPU
		{C49BCC75-3C08-41C0-ACF8-014EDE358D54}.Ad-Hoc|iPhone.Build.0 = Debug|Any CPU
		{C49BCC75-3C08-41C0-ACF8-014EDE358D54}.Ad-Hoc|iPhoneSimulator.ActiveCfg = Debug|Any CPU
		{C49BCC75-3C08-41C0-ACF8-014EDE358D54}.Ad-Hoc|iPhoneSimulator.Build.0 = Debug|Any CPU
		{C49BCC75-3C08-41C0-ACF8-014EDE358D54}.Ad-Hoc|x64.ActiveCfg = Debug|Any CPU
		{C49BCC75-3C08-41C0-ACF8-014EDE358D54}.Ad-Hoc|x64.Build.0 = Debug|Any CPU
		{C49BCC75-3C08-41C0-ACF8-014EDE358D54}.Ad-Hoc|x86.ActiveCfg = Debug|Any CPU
		{C49BCC75-3C08-41C0-ACF8-014EDE358D54}.Ad-Hoc|x86.Build.0 = Debug|Any CPU
		{C49BCC75-3C08-41C0-ACF8-014EDE358D54}.AppStore|Any CPU.ActiveCfg = Debug|Any CPU
		{C49BCC75-3C08-41C0-ACF8-014EDE358D54}.AppStore|Any CPU.Build.0 = Debug|Any CPU
		{C49BCC75-3C08-41C0-ACF8-014EDE358D54}.AppStore|ARM.ActiveCfg = Debug|Any CPU
		{C49BCC75-3C08-41C0-ACF8-014EDE358D54}.AppStore|ARM.Build.0 = Debug|Any CPU
		{C49BCC75-3C08-41C0-ACF8-014EDE358D54}.AppStore|ARM64.ActiveCfg = Debug|Any CPU
		{C49BCC75-3C08-41C0-ACF8-014EDE358D54}.AppStore|ARM64.Build.0 = Debug|Any CPU
		{C49BCC75-3C08-41C0-ACF8-014EDE358D54}.AppStore|iPhone.ActiveCfg = Debug|Any CPU
		{C49BCC75-3C08-41C0-ACF8-014EDE358D54}.AppStore|iPhone.Build.0 = Debug|Any CPU
		{C49BCC75-3C08-41C0-ACF8-014EDE358D54}.AppStore|iPhoneSimulator.ActiveCfg = Debug|Any CPU
		{C49BCC75-3C08-41C0-ACF8-014EDE358D54}.AppStore|iPhoneSimulator.Build.0 = Debug|Any CPU
		{C49BCC75-3C08-41C0-ACF8-014EDE358D54}.AppStore|x64.ActiveCfg = Debug|Any CPU
		{C49BCC75-3C08-41C0-ACF8-014EDE358D54}.AppStore|x64.Build.0 = Debug|Any CPU
		{C49BCC75-3C08-41C0-ACF8-014EDE358D54}.AppStore|x86.ActiveCfg = Debug|Any CPU
		{C49BCC75-3C08-41C0-ACF8-014EDE358D54}.AppStore|x86.Build.0 = Debug|Any CPU
		{C49BCC75-3C08-41C0-ACF8-014EDE358D54}.Debug|Any CPU.ActiveCfg = Debug|Any CPU
		{C49BCC75-3C08-41C0-ACF8-014EDE358D54}.Debug|Any CPU.Build.0 = Debug|Any CPU
		{C49BCC75-3C08-41C0-ACF8-014EDE358D54}.Debug|ARM.ActiveCfg = Debug|Any CPU
		{C49BCC75-3C08-41C0-ACF8-014EDE358D54}.Debug|ARM.Build.0 = Debug|Any CPU
		{C49BCC75-3C08-41C0-ACF8-014EDE358D54}.Debug|ARM64.ActiveCfg = Debug|Any CPU
		{C49BCC75-3C08-41C0-ACF8-014EDE358D54}.Debug|ARM64.Build.0 = Debug|Any CPU
		{C49BCC75-3C08-41C0-ACF8-014EDE358D54}.Debug|iPhone.ActiveCfg = Debug|Any CPU
		{C49BCC75-3C08-41C0-ACF8-014EDE358D54}.Debug|iPhone.Build.0 = Debug|Any CPU
		{C49BCC75-3C08-41C0-ACF8-014EDE358D54}.Debug|iPhoneSimulator.ActiveCfg = Debug|Any CPU
		{C49BCC75-3C08-41C0-ACF8-014EDE358D54}.Debug|iPhoneSimulator.Build.0 = Debug|Any CPU
		{C49BCC75-3C08-41C0-ACF8-014EDE358D54}.Debug|x64.ActiveCfg = Debug|Any CPU
		{C49BCC75-3C08-41C0-ACF8-014EDE358D54}.Debug|x64.Build.0 = Debug|Any CPU
		{C49BCC75-3C08-41C0-ACF8-014EDE358D54}.Debug|x86.ActiveCfg = Debug|Any CPU
		{C49BCC75-3C08-41C0-ACF8-014EDE358D54}.Debug|x86.Build.0 = Debug|Any CPU
		{C49BCC75-3C08-41C0-ACF8-014EDE358D54}.Release|Any CPU.ActiveCfg = Release|Any CPU
		{C49BCC75-3C08-41C0-ACF8-014EDE358D54}.Release|Any CPU.Build.0 = Release|Any CPU
		{C49BCC75-3C08-41C0-ACF8-014EDE358D54}.Release|ARM.ActiveCfg = Release|Any CPU
		{C49BCC75-3C08-41C0-ACF8-014EDE358D54}.Release|ARM.Build.0 = Release|Any CPU
		{C49BCC75-3C08-41C0-ACF8-014EDE358D54}.Release|ARM64.ActiveCfg = Release|Any CPU
		{C49BCC75-3C08-41C0-ACF8-014EDE358D54}.Release|ARM64.Build.0 = Release|Any CPU
		{C49BCC75-3C08-41C0-ACF8-014EDE358D54}.Release|iPhone.ActiveCfg = Release|Any CPU
		{C49BCC75-3C08-41C0-ACF8-014EDE358D54}.Release|iPhone.Build.0 = Release|Any CPU
		{C49BCC75-3C08-41C0-ACF8-014EDE358D54}.Release|iPhoneSimulator.ActiveCfg = Release|Any CPU
		{C49BCC75-3C08-41C0-ACF8-014EDE358D54}.Release|iPhoneSimulator.Build.0 = Release|Any CPU
		{C49BCC75-3C08-41C0-ACF8-014EDE358D54}.Release|x64.ActiveCfg = Release|Any CPU
		{C49BCC75-3C08-41C0-ACF8-014EDE358D54}.Release|x64.Build.0 = Release|Any CPU
		{C49BCC75-3C08-41C0-ACF8-014EDE358D54}.Release|x86.ActiveCfg = Release|Any CPU
		{C49BCC75-3C08-41C0-ACF8-014EDE358D54}.Release|x86.Build.0 = Release|Any CPU
		{2242AC1C-18F6-4B6B-ABC9-9819B4616626}.Ad-Hoc|Any CPU.ActiveCfg = Debug|Any CPU
		{2242AC1C-18F6-4B6B-ABC9-9819B4616626}.Ad-Hoc|Any CPU.Build.0 = Debug|Any CPU
		{2242AC1C-18F6-4B6B-ABC9-9819B4616626}.Ad-Hoc|ARM.ActiveCfg = Debug|Any CPU
		{2242AC1C-18F6-4B6B-ABC9-9819B4616626}.Ad-Hoc|ARM.Build.0 = Debug|Any CPU
		{2242AC1C-18F6-4B6B-ABC9-9819B4616626}.Ad-Hoc|ARM64.ActiveCfg = Debug|Any CPU
		{2242AC1C-18F6-4B6B-ABC9-9819B4616626}.Ad-Hoc|ARM64.Build.0 = Debug|Any CPU
		{2242AC1C-18F6-4B6B-ABC9-9819B4616626}.Ad-Hoc|iPhone.ActiveCfg = Debug|Any CPU
		{2242AC1C-18F6-4B6B-ABC9-9819B4616626}.Ad-Hoc|iPhone.Build.0 = Debug|Any CPU
		{2242AC1C-18F6-4B6B-ABC9-9819B4616626}.Ad-Hoc|iPhoneSimulator.ActiveCfg = Debug|Any CPU
		{2242AC1C-18F6-4B6B-ABC9-9819B4616626}.Ad-Hoc|iPhoneSimulator.Build.0 = Debug|Any CPU
		{2242AC1C-18F6-4B6B-ABC9-9819B4616626}.Ad-Hoc|x64.ActiveCfg = Debug|Any CPU
		{2242AC1C-18F6-4B6B-ABC9-9819B4616626}.Ad-Hoc|x64.Build.0 = Debug|Any CPU
		{2242AC1C-18F6-4B6B-ABC9-9819B4616626}.Ad-Hoc|x86.ActiveCfg = Debug|Any CPU
		{2242AC1C-18F6-4B6B-ABC9-9819B4616626}.Ad-Hoc|x86.Build.0 = Debug|Any CPU
		{2242AC1C-18F6-4B6B-ABC9-9819B4616626}.AppStore|Any CPU.ActiveCfg = Debug|Any CPU
		{2242AC1C-18F6-4B6B-ABC9-9819B4616626}.AppStore|Any CPU.Build.0 = Debug|Any CPU
		{2242AC1C-18F6-4B6B-ABC9-9819B4616626}.AppStore|ARM.ActiveCfg = Debug|Any CPU
		{2242AC1C-18F6-4B6B-ABC9-9819B4616626}.AppStore|ARM.Build.0 = Debug|Any CPU
		{2242AC1C-18F6-4B6B-ABC9-9819B4616626}.AppStore|ARM64.ActiveCfg = Debug|Any CPU
		{2242AC1C-18F6-4B6B-ABC9-9819B4616626}.AppStore|ARM64.Build.0 = Debug|Any CPU
		{2242AC1C-18F6-4B6B-ABC9-9819B4616626}.AppStore|iPhone.ActiveCfg = Debug|Any CPU
		{2242AC1C-18F6-4B6B-ABC9-9819B4616626}.AppStore|iPhone.Build.0 = Debug|Any CPU
		{2242AC1C-18F6-4B6B-ABC9-9819B4616626}.AppStore|iPhoneSimulator.ActiveCfg = Debug|Any CPU
		{2242AC1C-18F6-4B6B-ABC9-9819B4616626}.AppStore|iPhoneSimulator.Build.0 = Debug|Any CPU
		{2242AC1C-18F6-4B6B-ABC9-9819B4616626}.AppStore|x64.ActiveCfg = Debug|Any CPU
		{2242AC1C-18F6-4B6B-ABC9-9819B4616626}.AppStore|x64.Build.0 = Debug|Any CPU
		{2242AC1C-18F6-4B6B-ABC9-9819B4616626}.AppStore|x86.ActiveCfg = Debug|Any CPU
		{2242AC1C-18F6-4B6B-ABC9-9819B4616626}.AppStore|x86.Build.0 = Debug|Any CPU
		{2242AC1C-18F6-4B6B-ABC9-9819B4616626}.Debug|Any CPU.ActiveCfg = Debug|Any CPU
		{2242AC1C-18F6-4B6B-ABC9-9819B4616626}.Debug|Any CPU.Build.0 = Debug|Any CPU
		{2242AC1C-18F6-4B6B-ABC9-9819B4616626}.Debug|ARM.ActiveCfg = Debug|Any CPU
		{2242AC1C-18F6-4B6B-ABC9-9819B4616626}.Debug|ARM.Build.0 = Debug|Any CPU
		{2242AC1C-18F6-4B6B-ABC9-9819B4616626}.Debug|ARM64.ActiveCfg = Debug|Any CPU
		{2242AC1C-18F6-4B6B-ABC9-9819B4616626}.Debug|ARM64.Build.0 = Debug|Any CPU
		{2242AC1C-18F6-4B6B-ABC9-9819B4616626}.Debug|iPhone.ActiveCfg = Debug|Any CPU
		{2242AC1C-18F6-4B6B-ABC9-9819B4616626}.Debug|iPhone.Build.0 = Debug|Any CPU
		{2242AC1C-18F6-4B6B-ABC9-9819B4616626}.Debug|iPhoneSimulator.ActiveCfg = Debug|Any CPU
		{2242AC1C-18F6-4B6B-ABC9-9819B4616626}.Debug|iPhoneSimulator.Build.0 = Debug|Any CPU
		{2242AC1C-18F6-4B6B-ABC9-9819B4616626}.Debug|x64.ActiveCfg = Debug|Any CPU
		{2242AC1C-18F6-4B6B-ABC9-9819B4616626}.Debug|x64.Build.0 = Debug|Any CPU
		{2242AC1C-18F6-4B6B-ABC9-9819B4616626}.Debug|x86.ActiveCfg = Debug|Any CPU
		{2242AC1C-18F6-4B6B-ABC9-9819B4616626}.Debug|x86.Build.0 = Debug|Any CPU
		{2242AC1C-18F6-4B6B-ABC9-9819B4616626}.Release|Any CPU.ActiveCfg = Release|Any CPU
		{2242AC1C-18F6-4B6B-ABC9-9819B4616626}.Release|Any CPU.Build.0 = Release|Any CPU
		{2242AC1C-18F6-4B6B-ABC9-9819B4616626}.Release|ARM.ActiveCfg = Release|Any CPU
		{2242AC1C-18F6-4B6B-ABC9-9819B4616626}.Release|ARM.Build.0 = Release|Any CPU
		{2242AC1C-18F6-4B6B-ABC9-9819B4616626}.Release|ARM64.ActiveCfg = Release|Any CPU
		{2242AC1C-18F6-4B6B-ABC9-9819B4616626}.Release|ARM64.Build.0 = Release|Any CPU
		{2242AC1C-18F6-4B6B-ABC9-9819B4616626}.Release|iPhone.ActiveCfg = Release|Any CPU
		{2242AC1C-18F6-4B6B-ABC9-9819B4616626}.Release|iPhone.Build.0 = Release|Any CPU
		{2242AC1C-18F6-4B6B-ABC9-9819B4616626}.Release|iPhoneSimulator.ActiveCfg = Release|Any CPU
		{2242AC1C-18F6-4B6B-ABC9-9819B4616626}.Release|iPhoneSimulator.Build.0 = Release|Any CPU
		{2242AC1C-18F6-4B6B-ABC9-9819B4616626}.Release|x64.ActiveCfg = Release|Any CPU
		{2242AC1C-18F6-4B6B-ABC9-9819B4616626}.Release|x64.Build.0 = Release|Any CPU
		{2242AC1C-18F6-4B6B-ABC9-9819B4616626}.Release|x86.ActiveCfg = Release|Any CPU
		{2242AC1C-18F6-4B6B-ABC9-9819B4616626}.Release|x86.Build.0 = Release|Any CPU
		{95ABEADA-41B9-463B-AECC-252C4B290866}.Ad-Hoc|Any CPU.ActiveCfg = Debug|Any CPU
		{95ABEADA-41B9-463B-AECC-252C4B290866}.Ad-Hoc|Any CPU.Build.0 = Debug|Any CPU
		{95ABEADA-41B9-463B-AECC-252C4B290866}.Ad-Hoc|ARM.ActiveCfg = Debug|Any CPU
		{95ABEADA-41B9-463B-AECC-252C4B290866}.Ad-Hoc|ARM.Build.0 = Debug|Any CPU
		{95ABEADA-41B9-463B-AECC-252C4B290866}.Ad-Hoc|ARM64.ActiveCfg = Debug|Any CPU
		{95ABEADA-41B9-463B-AECC-252C4B290866}.Ad-Hoc|ARM64.Build.0 = Debug|Any CPU
		{95ABEADA-41B9-463B-AECC-252C4B290866}.Ad-Hoc|iPhone.ActiveCfg = Debug|Any CPU
		{95ABEADA-41B9-463B-AECC-252C4B290866}.Ad-Hoc|iPhone.Build.0 = Debug|Any CPU
		{95ABEADA-41B9-463B-AECC-252C4B290866}.Ad-Hoc|iPhoneSimulator.ActiveCfg = Debug|Any CPU
		{95ABEADA-41B9-463B-AECC-252C4B290866}.Ad-Hoc|iPhoneSimulator.Build.0 = Debug|Any CPU
		{95ABEADA-41B9-463B-AECC-252C4B290866}.Ad-Hoc|x64.ActiveCfg = Debug|Any CPU
		{95ABEADA-41B9-463B-AECC-252C4B290866}.Ad-Hoc|x64.Build.0 = Debug|Any CPU
		{95ABEADA-41B9-463B-AECC-252C4B290866}.Ad-Hoc|x86.ActiveCfg = Debug|Any CPU
		{95ABEADA-41B9-463B-AECC-252C4B290866}.Ad-Hoc|x86.Build.0 = Debug|Any CPU
		{95ABEADA-41B9-463B-AECC-252C4B290866}.AppStore|Any CPU.ActiveCfg = Debug|Any CPU
		{95ABEADA-41B9-463B-AECC-252C4B290866}.AppStore|Any CPU.Build.0 = Debug|Any CPU
		{95ABEADA-41B9-463B-AECC-252C4B290866}.AppStore|ARM.ActiveCfg = Debug|Any CPU
		{95ABEADA-41B9-463B-AECC-252C4B290866}.AppStore|ARM.Build.0 = Debug|Any CPU
		{95ABEADA-41B9-463B-AECC-252C4B290866}.AppStore|ARM64.ActiveCfg = Debug|Any CPU
		{95ABEADA-41B9-463B-AECC-252C4B290866}.AppStore|ARM64.Build.0 = Debug|Any CPU
		{95ABEADA-41B9-463B-AECC-252C4B290866}.AppStore|iPhone.ActiveCfg = Debug|Any CPU
		{95ABEADA-41B9-463B-AECC-252C4B290866}.AppStore|iPhone.Build.0 = Debug|Any CPU
		{95ABEADA-41B9-463B-AECC-252C4B290866}.AppStore|iPhoneSimulator.ActiveCfg = Debug|Any CPU
		{95ABEADA-41B9-463B-AECC-252C4B290866}.AppStore|iPhoneSimulator.Build.0 = Debug|Any CPU
		{95ABEADA-41B9-463B-AECC-252C4B290866}.AppStore|x64.ActiveCfg = Debug|Any CPU
		{95ABEADA-41B9-463B-AECC-252C4B290866}.AppStore|x64.Build.0 = Debug|Any CPU
		{95ABEADA-41B9-463B-AECC-252C4B290866}.AppStore|x86.ActiveCfg = Debug|Any CPU
		{95ABEADA-41B9-463B-AECC-252C4B290866}.AppStore|x86.Build.0 = Debug|Any CPU
		{95ABEADA-41B9-463B-AECC-252C4B290866}.Debug|Any CPU.ActiveCfg = Debug|Any CPU
		{95ABEADA-41B9-463B-AECC-252C4B290866}.Debug|Any CPU.Build.0 = Debug|Any CPU
		{95ABEADA-41B9-463B-AECC-252C4B290866}.Debug|ARM.ActiveCfg = Debug|Any CPU
		{95ABEADA-41B9-463B-AECC-252C4B290866}.Debug|ARM.Build.0 = Debug|Any CPU
		{95ABEADA-41B9-463B-AECC-252C4B290866}.Debug|ARM64.ActiveCfg = Debug|Any CPU
		{95ABEADA-41B9-463B-AECC-252C4B290866}.Debug|ARM64.Build.0 = Debug|Any CPU
		{95ABEADA-41B9-463B-AECC-252C4B290866}.Debug|iPhone.ActiveCfg = Debug|Any CPU
		{95ABEADA-41B9-463B-AECC-252C4B290866}.Debug|iPhone.Build.0 = Debug|Any CPU
		{95ABEADA-41B9-463B-AECC-252C4B290866}.Debug|iPhoneSimulator.ActiveCfg = Debug|Any CPU
		{95ABEADA-41B9-463B-AECC-252C4B290866}.Debug|iPhoneSimulator.Build.0 = Debug|Any CPU
		{95ABEADA-41B9-463B-AECC-252C4B290866}.Debug|x64.ActiveCfg = Debug|Any CPU
		{95ABEADA-41B9-463B-AECC-252C4B290866}.Debug|x64.Build.0 = Debug|Any CPU
		{95ABEADA-41B9-463B-AECC-252C4B290866}.Debug|x86.ActiveCfg = Debug|Any CPU
		{95ABEADA-41B9-463B-AECC-252C4B290866}.Debug|x86.Build.0 = Debug|Any CPU
		{95ABEADA-41B9-463B-AECC-252C4B290866}.Release|Any CPU.ActiveCfg = Release|Any CPU
		{95ABEADA-41B9-463B-AECC-252C4B290866}.Release|Any CPU.Build.0 = Release|Any CPU
		{95ABEADA-41B9-463B-AECC-252C4B290866}.Release|ARM.ActiveCfg = Release|Any CPU
		{95ABEADA-41B9-463B-AECC-252C4B290866}.Release|ARM.Build.0 = Release|Any CPU
		{95ABEADA-41B9-463B-AECC-252C4B290866}.Release|ARM64.ActiveCfg = Release|Any CPU
		{95ABEADA-41B9-463B-AECC-252C4B290866}.Release|ARM64.Build.0 = Release|Any CPU
		{95ABEADA-41B9-463B-AECC-252C4B290866}.Release|iPhone.ActiveCfg = Release|Any CPU
		{95ABEADA-41B9-463B-AECC-252C4B290866}.Release|iPhone.Build.0 = Release|Any CPU
		{95ABEADA-41B9-463B-AECC-252C4B290866}.Release|iPhoneSimulator.ActiveCfg = Release|Any CPU
		{95ABEADA-41B9-463B-AECC-252C4B290866}.Release|iPhoneSimulator.Build.0 = Release|Any CPU
		{95ABEADA-41B9-463B-AECC-252C4B290866}.Release|x64.ActiveCfg = Release|Any CPU
		{95ABEADA-41B9-463B-AECC-252C4B290866}.Release|x64.Build.0 = Release|Any CPU
		{95ABEADA-41B9-463B-AECC-252C4B290866}.Release|x86.ActiveCfg = Release|Any CPU
		{95ABEADA-41B9-463B-AECC-252C4B290866}.Release|x86.Build.0 = Release|Any CPU
		{E0EA2789-BA9A-45D7-9700-258C5C52D468}.Ad-Hoc|Any CPU.ActiveCfg = Debug|Any CPU
		{E0EA2789-BA9A-45D7-9700-258C5C52D468}.Ad-Hoc|Any CPU.Build.0 = Debug|Any CPU
		{E0EA2789-BA9A-45D7-9700-258C5C52D468}.Ad-Hoc|ARM.ActiveCfg = Debug|Any CPU
		{E0EA2789-BA9A-45D7-9700-258C5C52D468}.Ad-Hoc|ARM.Build.0 = Debug|Any CPU
		{E0EA2789-BA9A-45D7-9700-258C5C52D468}.Ad-Hoc|ARM64.ActiveCfg = Debug|Any CPU
		{E0EA2789-BA9A-45D7-9700-258C5C52D468}.Ad-Hoc|ARM64.Build.0 = Debug|Any CPU
		{E0EA2789-BA9A-45D7-9700-258C5C52D468}.Ad-Hoc|iPhone.ActiveCfg = Debug|Any CPU
		{E0EA2789-BA9A-45D7-9700-258C5C52D468}.Ad-Hoc|iPhone.Build.0 = Debug|Any CPU
		{E0EA2789-BA9A-45D7-9700-258C5C52D468}.Ad-Hoc|iPhoneSimulator.ActiveCfg = Debug|Any CPU
		{E0EA2789-BA9A-45D7-9700-258C5C52D468}.Ad-Hoc|iPhoneSimulator.Build.0 = Debug|Any CPU
		{E0EA2789-BA9A-45D7-9700-258C5C52D468}.Ad-Hoc|x64.ActiveCfg = Debug|Any CPU
		{E0EA2789-BA9A-45D7-9700-258C5C52D468}.Ad-Hoc|x64.Build.0 = Debug|Any CPU
		{E0EA2789-BA9A-45D7-9700-258C5C52D468}.Ad-Hoc|x86.ActiveCfg = Debug|Any CPU
		{E0EA2789-BA9A-45D7-9700-258C5C52D468}.Ad-Hoc|x86.Build.0 = Debug|Any CPU
		{E0EA2789-BA9A-45D7-9700-258C5C52D468}.AppStore|Any CPU.ActiveCfg = Debug|Any CPU
		{E0EA2789-BA9A-45D7-9700-258C5C52D468}.AppStore|Any CPU.Build.0 = Debug|Any CPU
		{E0EA2789-BA9A-45D7-9700-258C5C52D468}.AppStore|ARM.ActiveCfg = Debug|Any CPU
		{E0EA2789-BA9A-45D7-9700-258C5C52D468}.AppStore|ARM.Build.0 = Debug|Any CPU
		{E0EA2789-BA9A-45D7-9700-258C5C52D468}.AppStore|ARM64.ActiveCfg = Debug|Any CPU
		{E0EA2789-BA9A-45D7-9700-258C5C52D468}.AppStore|ARM64.Build.0 = Debug|Any CPU
		{E0EA2789-BA9A-45D7-9700-258C5C52D468}.AppStore|iPhone.ActiveCfg = Debug|Any CPU
		{E0EA2789-BA9A-45D7-9700-258C5C52D468}.AppStore|iPhone.Build.0 = Debug|Any CPU
		{E0EA2789-BA9A-45D7-9700-258C5C52D468}.AppStore|iPhoneSimulator.ActiveCfg = Debug|Any CPU
		{E0EA2789-BA9A-45D7-9700-258C5C52D468}.AppStore|iPhoneSimulator.Build.0 = Debug|Any CPU
		{E0EA2789-BA9A-45D7-9700-258C5C52D468}.AppStore|x64.ActiveCfg = Debug|Any CPU
		{E0EA2789-BA9A-45D7-9700-258C5C52D468}.AppStore|x64.Build.0 = Debug|Any CPU
		{E0EA2789-BA9A-45D7-9700-258C5C52D468}.AppStore|x86.ActiveCfg = Debug|Any CPU
		{E0EA2789-BA9A-45D7-9700-258C5C52D468}.AppStore|x86.Build.0 = Debug|Any CPU
		{E0EA2789-BA9A-45D7-9700-258C5C52D468}.Debug|Any CPU.ActiveCfg = Debug|Any CPU
		{E0EA2789-BA9A-45D7-9700-258C5C52D468}.Debug|Any CPU.Build.0 = Debug|Any CPU
		{E0EA2789-BA9A-45D7-9700-258C5C52D468}.Debug|ARM.ActiveCfg = Debug|Any CPU
		{E0EA2789-BA9A-45D7-9700-258C5C52D468}.Debug|ARM.Build.0 = Debug|Any CPU
		{E0EA2789-BA9A-45D7-9700-258C5C52D468}.Debug|ARM64.ActiveCfg = Debug|Any CPU
		{E0EA2789-BA9A-45D7-9700-258C5C52D468}.Debug|ARM64.Build.0 = Debug|Any CPU
		{E0EA2789-BA9A-45D7-9700-258C5C52D468}.Debug|iPhone.ActiveCfg = Debug|Any CPU
		{E0EA2789-BA9A-45D7-9700-258C5C52D468}.Debug|iPhone.Build.0 = Debug|Any CPU
		{E0EA2789-BA9A-45D7-9700-258C5C52D468}.Debug|iPhoneSimulator.ActiveCfg = Debug|Any CPU
		{E0EA2789-BA9A-45D7-9700-258C5C52D468}.Debug|iPhoneSimulator.Build.0 = Debug|Any CPU
		{E0EA2789-BA9A-45D7-9700-258C5C52D468}.Debug|x64.ActiveCfg = Debug|Any CPU
		{E0EA2789-BA9A-45D7-9700-258C5C52D468}.Debug|x64.Build.0 = Debug|Any CPU
		{E0EA2789-BA9A-45D7-9700-258C5C52D468}.Debug|x86.ActiveCfg = Debug|Any CPU
		{E0EA2789-BA9A-45D7-9700-258C5C52D468}.Debug|x86.Build.0 = Debug|Any CPU
		{E0EA2789-BA9A-45D7-9700-258C5C52D468}.Release|Any CPU.ActiveCfg = Release|Any CPU
		{E0EA2789-BA9A-45D7-9700-258C5C52D468}.Release|Any CPU.Build.0 = Release|Any CPU
		{E0EA2789-BA9A-45D7-9700-258C5C52D468}.Release|ARM.ActiveCfg = Release|Any CPU
		{E0EA2789-BA9A-45D7-9700-258C5C52D468}.Release|ARM.Build.0 = Release|Any CPU
		{E0EA2789-BA9A-45D7-9700-258C5C52D468}.Release|ARM64.ActiveCfg = Release|Any CPU
		{E0EA2789-BA9A-45D7-9700-258C5C52D468}.Release|ARM64.Build.0 = Release|Any CPU
		{E0EA2789-BA9A-45D7-9700-258C5C52D468}.Release|iPhone.ActiveCfg = Release|Any CPU
		{E0EA2789-BA9A-45D7-9700-258C5C52D468}.Release|iPhone.Build.0 = Release|Any CPU
		{E0EA2789-BA9A-45D7-9700-258C5C52D468}.Release|iPhoneSimulator.ActiveCfg = Release|Any CPU
		{E0EA2789-BA9A-45D7-9700-258C5C52D468}.Release|iPhoneSimulator.Build.0 = Release|Any CPU
		{E0EA2789-BA9A-45D7-9700-258C5C52D468}.Release|x64.ActiveCfg = Release|Any CPU
		{E0EA2789-BA9A-45D7-9700-258C5C52D468}.Release|x64.Build.0 = Release|Any CPU
		{E0EA2789-BA9A-45D7-9700-258C5C52D468}.Release|x86.ActiveCfg = Release|Any CPU
		{E0EA2789-BA9A-45D7-9700-258C5C52D468}.Release|x86.Build.0 = Release|Any CPU
	EndGlobalSection
	GlobalSection(SolutionProperties) = preSolution
		HideSolutionNode = FALSE
	EndGlobalSection
	GlobalSection(NestedProjects) = preSolution
		{45191A65-8E7F-4A11-8217-EEA9EA1EB634} = {EEC59036-B60F-4BF7-83D3-15536D44C2B7}
		{C24C66CD-76C5-417E-8123-6EBA123D49B9} = {EEC59036-B60F-4BF7-83D3-15536D44C2B7}
		{A7028754-4FC7-43EB-86C7-265E20DD1042} = {EEC59036-B60F-4BF7-83D3-15536D44C2B7}
		{69A18D61-2D10-48C9-9B09-D8DD9A4DC280} = {EEC59036-B60F-4BF7-83D3-15536D44C2B7}
		{7C0D0CC1-9709-451B-9ECC-6A00C2A51D75} = {EEC59036-B60F-4BF7-83D3-15536D44C2B7}
		{C49BCC75-3C08-41C0-ACF8-014EDE358D54} = {EEC59036-B60F-4BF7-83D3-15536D44C2B7}
		{2242AC1C-18F6-4B6B-ABC9-9819B4616626} = {EEC59036-B60F-4BF7-83D3-15536D44C2B7}
		{95ABEADA-41B9-463B-AECC-252C4B290866} = {EEC59036-B60F-4BF7-83D3-15536D44C2B7}
		{E0EA2789-BA9A-45D7-9700-258C5C52D468} = {EEC59036-B60F-4BF7-83D3-15536D44C2B7}
	EndGlobalSection
	GlobalSection(ExtensibilityGlobals) = postSolution
		SolutionGuid = {23D88459-ECF1-42E7-9454-A63069345714}
	EndGlobalSection
EndGlobal
